
Microsoft Visual Studio Solution File, Format Version 12.00
# Visual Studio Version 17
VisualStudioVersion = 17.10.35122.118
MinimumVisualStudioVersion = 10.0.40219.1
Project("{FAE04EC0-301F-11D3-BF4B-00C04F79EFBC}") = "SwitchCoinDivider", "SwitchCoinDivider.csproj", "{193DBFC6-1957-4B6D-9D27-69C2BBC13C38}"
EndProject
Global
	GlobalSection(SolutionConfigurationPlatforms) = preSolution
		Debug|Any CPU = Debug|Any CPU
		Release|Any CPU = Release|Any CPU
	EndGlobalSection
	GlobalSection(ProjectConfigurationPlatforms) = postSolution
		{193DBFC6-1957-4B6D-9D27-69C2BBC13C38}.Debug|Any CPU.ActiveCfg = Debug|Any CPU
		{193DBFC6-1957-4B6D-9D27-69C2BBC13C38}.Debug|Any CPU.Build.0 = Debug|Any CPU
		{193DBFC6-1957-4B6D-9D27-69C2BBC13C38}.Release|Any CPU.ActiveCfg = Release|Any CPU
		{193DBFC6-1957-4B6D-9D27-69C2BBC13C38}.Release|Any CPU.Build.0 = Release|Any CPU
	EndGlobalSection
	GlobalSection(SolutionProperties) = preSolution
		HideSolutionNode = FALSE
	EndGlobalSection
	GlobalSection(ExtensibilityGlobals) = postSolution
		SolutionGuid = {2FD79A08-BC85-4E97-8141-5E9F2EFF424A}
	EndGlobalSection
EndGlobal
