
Microsoft Visual Studio Solution File, Format Version 12.00
# Visual Studio Version 17
VisualStudioVersion = 17.10.35122.118
MinimumVisualStudioVersion = 10.0.40219.1
Project("{FAE04EC0-301F-11D3-BF4B-00C04F79EFBC}") = "CoinCalculator", "CoinCalculator.csproj", "{8C25EE3C-530F-493C-B7C7-0A6982FC1B3D}"
EndProject
Global
	GlobalSection(SolutionConfigurationPlatforms) = preSolution
		Debug|Any CPU = Debug|Any CPU
		Release|Any CPU = Release|Any CPU
	EndGlobalSection
	GlobalSection(ProjectConfigurationPlatforms) = postSolution
		{8C25EE3C-530F-493C-B7C7-0A6982FC1B3D}.Debug|Any CPU.ActiveCfg = Debug|Any CPU
		{8C25EE3C-530F-493C-B7C7-0A6982FC1B3D}.Debug|Any CPU.Build.0 = Debug|Any CPU
		{8C25EE3C-530F-493C-B7C7-0A6982FC1B3D}.Release|Any CPU.ActiveCfg = Release|Any CPU
		{8C25EE3C-530F-493C-B7C7-0A6982FC1B3D}.Release|Any CPU.Build.0 = Release|Any CPU
	EndGlobalSection
	GlobalSection(SolutionProperties) = preSolution
		HideSolutionNode = FALSE
	EndGlobalSection
	GlobalSection(ExtensibilityGlobals) = postSolution
		SolutionGuid = {6B34F49E-B258-401C-9098-6FA0549D797D}
	EndGlobalSection
EndGlobal
